
Microsoft Visual Studio Solution File, Format Version 12.00
# Visual Studio Version 16
VisualStudioVersion = 16.0.30114.105
MinimumVisualStudioVersion = 10.0.40219.1
Project("{FAE04EC0-301F-11D3-BF4B-00C04F79EFBC}") = "1stproject", "1stproject\1stproject.csproj", "{8DCF3561-C650-4FB6-9CF1-49281681641D}"
EndProject
Global
	GlobalSection(SolutionConfigurationPlatforms) = preSolution
		Debug|Any CPU = Debug|Any CPU
		Release|Any CPU = Release|Any CPU
	EndGlobalSection
	GlobalSection(ProjectConfigurationPlatforms) = postSolution
		{8DCF3561-C650-4FB6-9CF1-49281681641D}.Debug|Any CPU.ActiveCfg = Debug|Any CPU
		{8DCF3561-C650-4FB6-9CF1-49281681641D}.Debug|Any CPU.Build.0 = Debug|Any CPU
		{8DCF3561-C650-4FB6-9CF1-49281681641D}.Release|Any CPU.ActiveCfg = Release|Any CPU
		{8DCF3561-C650-4FB6-9CF1-49281681641D}.Release|Any CPU.Build.0 = Release|Any CPU
	EndGlobalSection
	GlobalSection(SolutionProperties) = preSolution
		HideSolutionNode = FALSE
	EndGlobalSection
	GlobalSection(ExtensibilityGlobals) = postSolution
		SolutionGuid = {EEE9E292-01D2-498B-8D7D-36B56A483102}
	EndGlobalSection
EndGlobal
